
Microsoft Visual Studio Solution File, Format Version 12.00
# Visual Studio Version 16
VisualStudioVersion = 16.0.31019.35
MinimumVisualStudioVersion = 10.0.40219.1
Project("{9A19103F-16F7-4668-BE54-9A1E7A4F7556}") = "ORMcoreApp", "ORMcoreApp\ORMcoreApp.csproj", "{9C38FD6A-C684-4131-9D52-10CA27E6C258}"
EndProject
Project("{FAE04EC0-301F-11D3-BF4B-00C04F79EFBC}") = "OfficersWebAPI", "OfficersWebAPI\OfficersWebAPI.csproj", "{68883DAA-9E41-4524-965F-27AF25C04B0A}"
EndProject
Global
	GlobalSection(SolutionConfigurationPlatforms) = preSolution
		Debug|Any CPU = Debug|Any CPU
		Release|Any CPU = Release|Any CPU
	EndGlobalSection
	GlobalSection(ProjectConfigurationPlatforms) = postSolution
		{9C38FD6A-C684-4131-9D52-10CA27E6C258}.Debug|Any CPU.ActiveCfg = Debug|Any CPU
		{9C38FD6A-C684-4131-9D52-10CA27E6C258}.Debug|Any CPU.Build.0 = Debug|Any CPU
		{9C38FD6A-C684-4131-9D52-10CA27E6C258}.Release|Any CPU.ActiveCfg = Release|Any CPU
		{9C38FD6A-C684-4131-9D52-10CA27E6C258}.Release|Any CPU.Build.0 = Release|Any CPU
		{68883DAA-9E41-4524-965F-27AF25C04B0A}.Debug|Any CPU.ActiveCfg = Debug|Any CPU
		{68883DAA-9E41-4524-965F-27AF25C04B0A}.Debug|Any CPU.Build.0 = Debug|Any CPU
		{68883DAA-9E41-4524-965F-27AF25C04B0A}.Release|Any CPU.ActiveCfg = Release|Any CPU
		{68883DAA-9E41-4524-965F-27AF25C04B0A}.Release|Any CPU.Build.0 = Release|Any CPU
	EndGlobalSection
	GlobalSection(SolutionProperties) = preSolution
		HideSolutionNode = FALSE
	EndGlobalSection
	GlobalSection(ExtensibilityGlobals) = postSolution
		SolutionGuid = {5B51481A-BAFD-4A6E-9BF8-B578F54C14BB}
	EndGlobalSection
EndGlobal
